// !$*UTF8*$!
{
	archiveVersion = 1;
	classes = {
	};
	objectVersion = 56;
	objects = {

/* Begin PBXBuildFile section */
		0915C0E32B682CE000BF37C0 /* URLSession.swift in Sources */ = {isa = PBXBuildFile; fileRef = 0915C0E22B682CE000BF37C0 /* URLSession.swift */; };
		091ECB782B2F22BE00B05D77 /* ProfileViewController.swift in Sources */ = {isa = PBXBuildFile; fileRef = 091ECB772B2F22BE00B05D77 /* ProfileViewController.swift */; };
		091ECB7C2B2F5BEC00B05D77 /* SingleImageViewController.swift in Sources */ = {isa = PBXBuildFile; fileRef = 091ECB7B2B2F5BEC00B05D77 /* SingleImageViewController.swift */; };
		0922B7EF2B4DD5EB0038D45B /* SplashViewController.swift in Sources */ = {isa = PBXBuildFile; fileRef = 0922B7EE2B4DD5EB0038D45B /* SplashViewController.swift */; };
		092493612B697BF80016FF0F /* Kingfisher in Frameworks */ = {isa = PBXBuildFile; productRef = 092493602B697BF80016FF0F /* Kingfisher */; };
		092493642B699D2A0016FF0F /* SwiftKeychainWrapper in Frameworks */ = {isa = PBXBuildFile; productRef = 092493632B699D2A0016FF0F /* SwiftKeychainWrapper */; };
		094D18F02B4C6F1200CC3BDD /* Constants.swift in Sources */ = {isa = PBXBuildFile; fileRef = 094D18EF2B4C6F1200CC3BDD /* Constants.swift */; };
		094D18F32B4C794E00CC3BDD /* AuthViewController.swift in Sources */ = {isa = PBXBuildFile; fileRef = 094D18F22B4C794E00CC3BDD /* AuthViewController.swift */; };
		094D18F52B4C7B7300CC3BDD /* WebViewViewController.swift in Sources */ = {isa = PBXBuildFile; fileRef = 094D18F42B4C7B7300CC3BDD /* WebViewViewController.swift */; };
		098D57DE2B6ED81D00151D42 /* ImagesListService.swift in Sources */ = {isa = PBXBuildFile; fileRef = 098D57DD2B6ED81D00151D42 /* ImagesListService.swift */; };
		098D57E02B6ED87C00151D42 /* Photo.swift in Sources */ = {isa = PBXBuildFile; fileRef = 098D57DF2B6ED87C00151D42 /* Photo.swift */; };
		098D57E22B6EDACD00151D42 /* PhotoResult.swift in Sources */ = {isa = PBXBuildFile; fileRef = 098D57E12B6EDACD00151D42 /* PhotoResult.swift */; };
		098D57F52B6EE8A900151D42 /* DateMapper.swift in Sources */ = {isa = PBXBuildFile; fileRef = 098D57F42B6EE8A900151D42 /* DateMapper.swift */; };
		0990C21A2B58721800B55063 /* ProgressHUD in Frameworks */ = {isa = PBXBuildFile; productRef = 0990C2192B58721800B55063 /* ProgressHUD */; };
		0990C21C2B5929FF00B55063 /* UIBlockingProgressHUD.swift in Sources */ = {isa = PBXBuildFile; fileRef = 0990C21B2B5929FF00B55063 /* UIBlockingProgressHUD.swift */; };
		0990C21E2B592C2000B55063 /* ProfileService.swift in Sources */ = {isa = PBXBuildFile; fileRef = 0990C21D2B592C2000B55063 /* ProfileService.swift */; };
		0990C2202B592C8800B55063 /* ProfileResult.swift in Sources */ = {isa = PBXBuildFile; fileRef = 0990C21F2B592C8800B55063 /* ProfileResult.swift */; };
		0990C2222B592D0300B55063 /* Profile.swift in Sources */ = {isa = PBXBuildFile; fileRef = 0990C2212B592D0300B55063 /* Profile.swift */; };
		0990C2262B596A6C00B55063 /* ProfileImageService.swift in Sources */ = {isa = PBXBuildFile; fileRef = 0990C2252B596A6C00B55063 /* ProfileImageService.swift */; };
		0990C2282B596A8C00B55063 /* UserResult.swift in Sources */ = {isa = PBXBuildFile; fileRef = 0990C2272B596A8C00B55063 /* UserResult.swift */; };
		0998BC5D2B1C955C007E5AC3 /* AppDelegate.swift in Sources */ = {isa = PBXBuildFile; fileRef = 0998BC5C2B1C955C007E5AC3 /* AppDelegate.swift */; };
		0998BC5F2B1C955C007E5AC3 /* SceneDelegate.swift in Sources */ = {isa = PBXBuildFile; fileRef = 0998BC5E2B1C955C007E5AC3 /* SceneDelegate.swift */; };
		0998BC612B1C955C007E5AC3 /* ImagesListViewController.swift in Sources */ = {isa = PBXBuildFile; fileRef = 0998BC602B1C955C007E5AC3 /* ImagesListViewController.swift */; };
		0998BC642B1C955C007E5AC3 /* Main.storyboard in Resources */ = {isa = PBXBuildFile; fileRef = 0998BC622B1C955C007E5AC3 /* Main.storyboard */; };
		0998BC662B1C955E007E5AC3 /* Assets.xcassets in Resources */ = {isa = PBXBuildFile; fileRef = 0998BC652B1C955E007E5AC3 /* Assets.xcassets */; };
		0998BC692B1C955E007E5AC3 /* LaunchScreen.storyboard in Resources */ = {isa = PBXBuildFile; fileRef = 0998BC672B1C955E007E5AC3 /* LaunchScreen.storyboard */; };
		0998BC912B1D0529007E5AC3 /* ImagesListCell.swift in Sources */ = {isa = PBXBuildFile; fileRef = 0998BC902B1D0529007E5AC3 /* ImagesListCell.swift */; };
		09D4D26B2B702008007CFBEA /* DataCleaner.swift in Sources */ = {isa = PBXBuildFile; fileRef = 09D4D26A2B702008007CFBEA /* DataCleaner.swift */; };
		09D9ABDA2B6AE1270031D535 /* TabBarController.swift in Sources */ = {isa = PBXBuildFile; fileRef = 09D9ABD92B6AE1270031D535 /* TabBarController.swift */; };
		09EA3F302B4DC5720097E92D /* OAuthTokenResponseBody.swift in Sources */ = {isa = PBXBuildFile; fileRef = 09EA3F2F2B4DC5720097E92D /* OAuthTokenResponseBody.swift */; };
		09EA3F332B4DC7270097E92D /* OAuth2Service.swift in Sources */ = {isa = PBXBuildFile; fileRef = 09EA3F322B4DC7270097E92D /* OAuth2Service.swift */; };
		09EA3F352B4DCCBF0097E92D /* OAuth2TokenStorage.swift in Sources */ = {isa = PBXBuildFile; fileRef = 09EA3F342B4DCCBF0097E92D /* OAuth2TokenStorage.swift */; };
/* End PBXBuildFile section */

/* Begin PBXFileReference section */
		0915C0E22B682CE000BF37C0 /* URLSession.swift */ = {isa = PBXFileReference; lastKnownFileType = sourcecode.swift; path = URLSession.swift; sourceTree = "<group>"; };
		091ECB772B2F22BE00B05D77 /* ProfileViewController.swift */ = {isa = PBXFileReference; lastKnownFileType = sourcecode.swift; path = ProfileViewController.swift; sourceTree = "<group>"; };
		091ECB7B2B2F5BEC00B05D77 /* SingleImageViewController.swift */ = {isa = PBXFileReference; lastKnownFileType = sourcecode.swift; path = SingleImageViewController.swift; sourceTree = "<group>"; };
		0922B7EE2B4DD5EB0038D45B /* SplashViewController.swift */ = {isa = PBXFileReference; lastKnownFileType = sourcecode.swift; path = SplashViewController.swift; sourceTree = "<group>"; };
		094D18EF2B4C6F1200CC3BDD /* Constants.swift */ = {isa = PBXFileReference; lastKnownFileType = sourcecode.swift; path = Constants.swift; sourceTree = "<group>"; };
		094D18F22B4C794E00CC3BDD /* AuthViewController.swift */ = {isa = PBXFileReference; lastKnownFileType = sourcecode.swift; path = AuthViewController.swift; sourceTree = "<group>"; };
		094D18F42B4C7B7300CC3BDD /* WebViewViewController.swift */ = {isa = PBXFileReference; lastKnownFileType = sourcecode.swift; path = WebViewViewController.swift; sourceTree = "<group>"; };
		098D57DD2B6ED81D00151D42 /* ImagesListService.swift */ = {isa = PBXFileReference; lastKnownFileType = sourcecode.swift; path = ImagesListService.swift; sourceTree = "<group>"; };
		098D57DF2B6ED87C00151D42 /* Photo.swift */ = {isa = PBXFileReference; lastKnownFileType = sourcecode.swift; path = Photo.swift; sourceTree = "<group>"; };
		098D57E12B6EDACD00151D42 /* PhotoResult.swift */ = {isa = PBXFileReference; lastKnownFileType = sourcecode.swift; path = PhotoResult.swift; sourceTree = "<group>"; };
		098D57F42B6EE8A900151D42 /* DateMapper.swift */ = {isa = PBXFileReference; lastKnownFileType = sourcecode.swift; path = DateMapper.swift; sourceTree = "<group>"; };
		0990C21B2B5929FF00B55063 /* UIBlockingProgressHUD.swift */ = {isa = PBXFileReference; lastKnownFileType = sourcecode.swift; path = UIBlockingProgressHUD.swift; sourceTree = "<group>"; };
		0990C21D2B592C2000B55063 /* ProfileService.swift */ = {isa = PBXFileReference; lastKnownFileType = sourcecode.swift; path = ProfileService.swift; sourceTree = "<group>"; };
		0990C21F2B592C8800B55063 /* ProfileResult.swift */ = {isa = PBXFileReference; lastKnownFileType = sourcecode.swift; path = ProfileResult.swift; sourceTree = "<group>"; };
		0990C2212B592D0300B55063 /* Profile.swift */ = {isa = PBXFileReference; lastKnownFileType = sourcecode.swift; path = Profile.swift; sourceTree = "<group>"; };
		0990C2252B596A6C00B55063 /* ProfileImageService.swift */ = {isa = PBXFileReference; lastKnownFileType = sourcecode.swift; path = ProfileImageService.swift; sourceTree = "<group>"; };
		0990C2272B596A8C00B55063 /* UserResult.swift */ = {isa = PBXFileReference; lastKnownFileType = sourcecode.swift; path = UserResult.swift; sourceTree = "<group>"; };
		0998BC592B1C955C007E5AC3 /* ImageFeed.app */ = {isa = PBXFileReference; explicitFileType = wrapper.application; includeInIndex = 0; path = ImageFeed.app; sourceTree = BUILT_PRODUCTS_DIR; };
		0998BC5C2B1C955C007E5AC3 /* AppDelegate.swift */ = {isa = PBXFileReference; lastKnownFileType = sourcecode.swift; path = AppDelegate.swift; sourceTree = "<group>"; };
		0998BC5E2B1C955C007E5AC3 /* SceneDelegate.swift */ = {isa = PBXFileReference; lastKnownFileType = sourcecode.swift; path = SceneDelegate.swift; sourceTree = "<group>"; };
		0998BC602B1C955C007E5AC3 /* ImagesListViewController.swift */ = {isa = PBXFileReference; lastKnownFileType = sourcecode.swift; path = ImagesListViewController.swift; sourceTree = "<group>"; };
		0998BC632B1C955C007E5AC3 /* Base */ = {isa = PBXFileReference; lastKnownFileType = file.storyboard; name = Base; path = Base.lproj/Main.storyboard; sourceTree = "<group>"; };
		0998BC652B1C955E007E5AC3 /* Assets.xcassets */ = {isa = PBXFileReference; lastKnownFileType = folder.assetcatalog; path = Assets.xcassets; sourceTree = "<group>"; };
		0998BC682B1C955E007E5AC3 /* Base */ = {isa = PBXFileReference; lastKnownFileType = file.storyboard; name = Base; path = Base.lproj/LaunchScreen.storyboard; sourceTree = "<group>"; };
		0998BC6A2B1C955E007E5AC3 /* Info.plist */ = {isa = PBXFileReference; lastKnownFileType = text.plist.xml; path = Info.plist; sourceTree = "<group>"; };
		0998BC902B1D0529007E5AC3 /* ImagesListCell.swift */ = {isa = PBXFileReference; lastKnownFileType = sourcecode.swift; path = ImagesListCell.swift; sourceTree = "<group>"; };
		09D4D26A2B702008007CFBEA /* DataCleaner.swift */ = {isa = PBXFileReference; lastKnownFileType = sourcecode.swift; path = DataCleaner.swift; sourceTree = "<group>"; };
		09D9ABD92B6AE1270031D535 /* TabBarController.swift */ = {isa = PBXFileReference; lastKnownFileType = sourcecode.swift; path = TabBarController.swift; sourceTree = "<group>"; };
		09EA3F2F2B4DC5720097E92D /* OAuthTokenResponseBody.swift */ = {isa = PBXFileReference; lastKnownFileType = sourcecode.swift; path = OAuthTokenResponseBody.swift; sourceTree = "<group>"; };
		09EA3F322B4DC7270097E92D /* OAuth2Service.swift */ = {isa = PBXFileReference; lastKnownFileType = sourcecode.swift; path = OAuth2Service.swift; sourceTree = "<group>"; };
		09EA3F342B4DCCBF0097E92D /* OAuth2TokenStorage.swift */ = {isa = PBXFileReference; lastKnownFileType = sourcecode.swift; path = OAuth2TokenStorage.swift; sourceTree = "<group>"; };
/* End PBXFileReference section */

/* Begin PBXFrameworksBuildPhase section */
		0998BC562B1C955C007E5AC3 /* Frameworks */ = {
			isa = PBXFrameworksBuildPhase;
			buildActionMask = 2147483647;
			files = (
				092493612B697BF80016FF0F /* Kingfisher in Frameworks */,
				0990C21A2B58721800B55063 /* ProgressHUD in Frameworks */,
				092493642B699D2A0016FF0F /* SwiftKeychainWrapper in Frameworks */,
			);
			runOnlyForDeploymentPostprocessing = 0;
		};
/* End PBXFrameworksBuildPhase section */

/* Begin PBXGroup section */
		091ECB762B2F22A900B05D77 /* Profile */ = {
			isa = PBXGroup;
			children = (
				091ECB772B2F22BE00B05D77 /* ProfileViewController.swift */,
			);
			path = Profile;
			sourceTree = "<group>";
		};
		091ECB7E2B2F640F00B05D77 /* SingleImageView */ = {
			isa = PBXGroup;
			children = (
				091ECB7B2B2F5BEC00B05D77 /* SingleImageViewController.swift */,
			);
			path = SingleImageView;
			sourceTree = "<group>";
		};
		094D18F12B4C793C00CC3BDD /* Auth */ = {
			isa = PBXGroup;
			children = (
				094D18F22B4C794E00CC3BDD /* AuthViewController.swift */,
				094D18F42B4C7B7300CC3BDD /* WebViewViewController.swift */,
				0922B7EE2B4DD5EB0038D45B /* SplashViewController.swift */,
			);
			path = Auth;
			sourceTree = "<group>";
		};
		098D57F32B6EE89700151D42 /* Helpers */ = {
			isa = PBXGroup;
			children = (
				098D57F42B6EE8A900151D42 /* DateMapper.swift */,
				09D4D26A2B702008007CFBEA /* DataCleaner.swift */,
			);
			path = Helpers;
			sourceTree = "<group>";
		};
		0998BC502B1C955C007E5AC3 = {
			isa = PBXGroup;
			children = (
				0998BC5B2B1C955C007E5AC3 /* ImageFeed */,
				0998BC5A2B1C955C007E5AC3 /* Products */,
			);
			sourceTree = "<group>";
		};
		0998BC5A2B1C955C007E5AC3 /* Products */ = {
			isa = PBXGroup;
			children = (
				0998BC592B1C955C007E5AC3 /* ImageFeed.app */,
			);
			name = Products;
			sourceTree = "<group>";
		};
		0998BC5B2B1C955C007E5AC3 /* ImageFeed */ = {
			isa = PBXGroup;
			children = (
				098D57F32B6EE89700151D42 /* Helpers */,
				09D9ABD82B6AE10E0031D535 /* TabBar */,
				09EA3F312B4DC70C0097E92D /* Services */,
				09EA3F2E2B4DC5520097E92D /* Models */,
				094D18F12B4C793C00CC3BDD /* Auth */,
				091ECB7E2B2F640F00B05D77 /* SingleImageView */,
				091ECB762B2F22A900B05D77 /* Profile */,
				0998BC922B1D055A007E5AC3 /* ImagesList */,
				0998BC5C2B1C955C007E5AC3 /* AppDelegate.swift */,
				0998BC5E2B1C955C007E5AC3 /* SceneDelegate.swift */,
				0998BC622B1C955C007E5AC3 /* Main.storyboard */,
				0998BC652B1C955E007E5AC3 /* Assets.xcassets */,
				0998BC672B1C955E007E5AC3 /* LaunchScreen.storyboard */,
				0998BC6A2B1C955E007E5AC3 /* Info.plist */,
				094D18EF2B4C6F1200CC3BDD /* Constants.swift */,
				0990C21B2B5929FF00B55063 /* UIBlockingProgressHUD.swift */,
			);
			path = ImageFeed;
			sourceTree = "<group>";
		};
		0998BC922B1D055A007E5AC3 /* ImagesList */ = {
			isa = PBXGroup;
			children = (
				0998BC602B1C955C007E5AC3 /* ImagesListViewController.swift */,
				0998BC902B1D0529007E5AC3 /* ImagesListCell.swift */,
			);
			path = ImagesList;
			sourceTree = "<group>";
		};
		09D9ABD82B6AE10E0031D535 /* TabBar */ = {
			isa = PBXGroup;
			children = (
				09D9ABD92B6AE1270031D535 /* TabBarController.swift */,
			);
			path = TabBar;
			sourceTree = "<group>";
		};
		09EA3F2E2B4DC5520097E92D /* Models */ = {
			isa = PBXGroup;
			children = (
				09EA3F2F2B4DC5720097E92D /* OAuthTokenResponseBody.swift */,
				0990C21F2B592C8800B55063 /* ProfileResult.swift */,
				0990C2212B592D0300B55063 /* Profile.swift */,
				0990C2272B596A8C00B55063 /* UserResult.swift */,
				098D57DF2B6ED87C00151D42 /* Photo.swift */,
				098D57E12B6EDACD00151D42 /* PhotoResult.swift */,
			);
			path = Models;
			sourceTree = "<group>";
		};
		09EA3F312B4DC70C0097E92D /* Services */ = {
			isa = PBXGroup;
			children = (
				09EA3F322B4DC7270097E92D /* OAuth2Service.swift */,
				09EA3F342B4DCCBF0097E92D /* OAuth2TokenStorage.swift */,
				0990C21D2B592C2000B55063 /* ProfileService.swift */,
				0990C2252B596A6C00B55063 /* ProfileImageService.swift */,
				0915C0E22B682CE000BF37C0 /* URLSession.swift */,
				098D57DD2B6ED81D00151D42 /* ImagesListService.swift */,
			);
			path = Services;
			sourceTree = "<group>";
		};
/* End PBXGroup section */

/* Begin PBXNativeTarget section */
		0998BC582B1C955C007E5AC3 /* ImageFeed */ = {
			isa = PBXNativeTarget;
			buildConfigurationList = 0998BC6D2B1C955E007E5AC3 /* Build configuration list for PBXNativeTarget "ImageFeed" */;
			buildPhases = (
				0998BC552B1C955C007E5AC3 /* Sources */,
				0998BC562B1C955C007E5AC3 /* Frameworks */,
				0998BC572B1C955C007E5AC3 /* Resources */,
			);
			buildRules = (
			);
			dependencies = (
			);
			name = ImageFeed;
			packageProductDependencies = (
				0990C2192B58721800B55063 /* ProgressHUD */,
				092493602B697BF80016FF0F /* Kingfisher */,
				092493632B699D2A0016FF0F /* SwiftKeychainWrapper */,
			);
			productName = ImageFeed;
			productReference = 0998BC592B1C955C007E5AC3 /* ImageFeed.app */;
			productType = "com.apple.product-type.application";
		};
/* End PBXNativeTarget section */

/* Begin PBXProject section */
		0998BC512B1C955C007E5AC3 /* Project object */ = {
			isa = PBXProject;
			attributes = {
				BuildIndependentTargetsInParallel = 1;
				LastSwiftUpdateCheck = 1500;
				LastUpgradeCheck = 1500;
				TargetAttributes = {
					0998BC582B1C955C007E5AC3 = {
						CreatedOnToolsVersion = 15.0.1;
					};
				};
			};
			buildConfigurationList = 0998BC542B1C955C007E5AC3 /* Build configuration list for PBXProject "ImageFeed" */;
			compatibilityVersion = "Xcode 14.0";
			developmentRegion = en;
			hasScannedForEncodings = 0;
			knownRegions = (
				en,
				Base,
			);
			mainGroup = 0998BC502B1C955C007E5AC3;
			packageReferences = (
				0990C2182B58721800B55063 /* XCRemoteSwiftPackageReference "ProgressHUD" */,
				0924935F2B697BF80016FF0F /* XCRemoteSwiftPackageReference "Kingfisher" */,
				092493622B699D2A0016FF0F /* XCRemoteSwiftPackageReference "SwiftKeychainWrapper" */,
			);
			productRefGroup = 0998BC5A2B1C955C007E5AC3 /* Products */;
			projectDirPath = "";
			projectRoot = "";
			targets = (
				0998BC582B1C955C007E5AC3 /* ImageFeed */,
			);
		};
/* End PBXProject section */

/* Begin PBXResourcesBuildPhase section */
		0998BC572B1C955C007E5AC3 /* Resources */ = {
			isa = PBXResourcesBuildPhase;
			buildActionMask = 2147483647;
			files = (
				0998BC692B1C955E007E5AC3 /* LaunchScreen.storyboard in Resources */,
				0998BC662B1C955E007E5AC3 /* Assets.xcassets in Resources */,
				0998BC642B1C955C007E5AC3 /* Main.storyboard in Resources */,
			);
			runOnlyForDeploymentPostprocessing = 0;
		};
/* End PBXResourcesBuildPhase section */

/* Begin PBXSourcesBuildPhase section */
		0998BC552B1C955C007E5AC3 /* Sources */ = {
			isa = PBXSourcesBuildPhase;
			buildActionMask = 2147483647;
			files = (
				098D57F52B6EE8A900151D42 /* DateMapper.swift in Sources */,
				0990C2222B592D0300B55063 /* Profile.swift in Sources */,
				09EA3F352B4DCCBF0097E92D /* OAuth2TokenStorage.swift in Sources */,
				0915C0E32B682CE000BF37C0 /* URLSession.swift in Sources */,
				0998BC612B1C955C007E5AC3 /* ImagesListViewController.swift in Sources */,
				0998BC912B1D0529007E5AC3 /* ImagesListCell.swift in Sources */,
				091ECB782B2F22BE00B05D77 /* ProfileViewController.swift in Sources */,
				09D4D26B2B702008007CFBEA /* DataCleaner.swift in Sources */,
				0998BC5D2B1C955C007E5AC3 /* AppDelegate.swift in Sources */,
				098D57DE2B6ED81D00151D42 /* ImagesListService.swift in Sources */,
				09EA3F332B4DC7270097E92D /* OAuth2Service.swift in Sources */,
				0922B7EF2B4DD5EB0038D45B /* SplashViewController.swift in Sources */,
				09EA3F302B4DC5720097E92D /* OAuthTokenResponseBody.swift in Sources */,
				094D18F32B4C794E00CC3BDD /* AuthViewController.swift in Sources */,
				094D18F02B4C6F1200CC3BDD /* Constants.swift in Sources */,
				0990C2282B596A8C00B55063 /* UserResult.swift in Sources */,
				091ECB7C2B2F5BEC00B05D77 /* SingleImageViewController.swift in Sources */,
				094D18F52B4C7B7300CC3BDD /* WebViewViewController.swift in Sources */,
				098D57E02B6ED87C00151D42 /* Photo.swift in Sources */,
				0998BC5F2B1C955C007E5AC3 /* SceneDelegate.swift in Sources */,
				0990C21C2B5929FF00B55063 /* UIBlockingProgressHUD.swift in Sources */,
				0990C2262B596A6C00B55063 /* ProfileImageService.swift in Sources */,
				09D9ABDA2B6AE1270031D535 /* TabBarController.swift in Sources */,
				098D57E22B6EDACD00151D42 /* PhotoResult.swift in Sources */,
				0990C2202B592C8800B55063 /* ProfileResult.swift in Sources */,
				0990C21E2B592C2000B55063 /* ProfileService.swift in Sources */,
			);
			runOnlyForDeploymentPostprocessing = 0;
		};
/* End PBXSourcesBuildPhase section */

/* Begin PBXVariantGroup section */
		0998BC622B1C955C007E5AC3 /* Main.storyboard */ = {
			isa = PBXVariantGroup;
			children = (
				0998BC632B1C955C007E5AC3 /* Base */,
			);
			name = Main.storyboard;
			sourceTree = "<group>";
		};
		0998BC672B1C955E007E5AC3 /* LaunchScreen.storyboard */ = {
			isa = PBXVariantGroup;
			children = (
				0998BC682B1C955E007E5AC3 /* Base */,
			);
			name = LaunchScreen.storyboard;
			sourceTree = "<group>";
		};
/* End PBXVariantGroup section */

/* Begin XCBuildConfiguration section */
		0998BC6B2B1C955E007E5AC3 /* Debug */ = {
			isa = XCBuildConfiguration;
			buildSettings = {
				ALWAYS_SEARCH_USER_PATHS = NO;
				ASSETCATALOG_COMPILER_GENERATE_SWIFT_ASSET_SYMBOL_EXTENSIONS = YES;
				CLANG_ANALYZER_NONNULL = YES;
				CLANG_ANALYZER_NUMBER_OBJECT_CONVERSION = YES_AGGRESSIVE;
				CLANG_CXX_LANGUAGE_STANDARD = "gnu++20";
				CLANG_ENABLE_MODULES = YES;
				CLANG_ENABLE_OBJC_ARC = YES;
				CLANG_ENABLE_OBJC_WEAK = YES;
				CLANG_WARN_BLOCK_CAPTURE_AUTORELEASING = YES;
				CLANG_WARN_BOOL_CONVERSION = YES;
				CLANG_WARN_COMMA = YES;
				CLANG_WARN_CONSTANT_CONVERSION = YES;
				CLANG_WARN_DEPRECATED_OBJC_IMPLEMENTATIONS = YES;
				CLANG_WARN_DIRECT_OBJC_ISA_USAGE = YES_ERROR;
				CLANG_WARN_DOCUMENTATION_COMMENTS = YES;
				CLANG_WARN_EMPTY_BODY = YES;
				CLANG_WARN_ENUM_CONVERSION = YES;
				CLANG_WARN_INFINITE_RECURSION = YES;
				CLANG_WARN_INT_CONVERSION = YES;
				CLANG_WARN_NON_LITERAL_NULL_CONVERSION = YES;
				CLANG_WARN_OBJC_IMPLICIT_RETAIN_SELF = YES;
				CLANG_WARN_OBJC_LITERAL_CONVERSION = YES;
				CLANG_WARN_OBJC_ROOT_CLASS = YES_ERROR;
				CLANG_WARN_QUOTED_INCLUDE_IN_FRAMEWORK_HEADER = YES;
				CLANG_WARN_RANGE_LOOP_ANALYSIS = YES;
				CLANG_WARN_STRICT_PROTOTYPES = YES;
				CLANG_WARN_SUSPICIOUS_MOVE = YES;
				CLANG_WARN_UNGUARDED_AVAILABILITY = YES_AGGRESSIVE;
				CLANG_WARN_UNREACHABLE_CODE = YES;
				CLANG_WARN__DUPLICATE_METHOD_MATCH = YES;
				COPY_PHASE_STRIP = NO;
				DEBUG_INFORMATION_FORMAT = dwarf;
				ENABLE_STRICT_OBJC_MSGSEND = YES;
				ENABLE_TESTABILITY = YES;
				ENABLE_USER_SCRIPT_SANDBOXING = YES;
				GCC_C_LANGUAGE_STANDARD = gnu17;
				GCC_DYNAMIC_NO_PIC = NO;
				GCC_NO_COMMON_BLOCKS = YES;
				GCC_OPTIMIZATION_LEVEL = 0;
				GCC_PREPROCESSOR_DEFINITIONS = (
					"DEBUG=1",
					"$(inherited)",
				);
				GCC_WARN_64_TO_32_BIT_CONVERSION = YES;
				GCC_WARN_ABOUT_RETURN_TYPE = YES_ERROR;
				GCC_WARN_UNDECLARED_SELECTOR = YES;
				GCC_WARN_UNINITIALIZED_AUTOS = YES_AGGRESSIVE;
				GCC_WARN_UNUSED_FUNCTION = YES;
				GCC_WARN_UNUSED_VARIABLE = YES;
				IPHONEOS_DEPLOYMENT_TARGET = 13.0;
				LOCALIZATION_PREFERS_STRING_CATALOGS = YES;
				MTL_ENABLE_DEBUG_INFO = INCLUDE_SOURCE;
				MTL_FAST_MATH = YES;
				ONLY_ACTIVE_ARCH = YES;
				SDKROOT = iphoneos;
				SWIFT_ACTIVE_COMPILATION_CONDITIONS = "DEBUG $(inherited)";
				SWIFT_OPTIMIZATION_LEVEL = "-Onone";
			};
			name = Debug;
		};
		0998BC6C2B1C955E007E5AC3 /* Release */ = {
			isa = XCBuildConfiguration;
			buildSettings = {
				ALWAYS_SEARCH_USER_PATHS = NO;
				ASSETCATALOG_COMPILER_GENERATE_SWIFT_ASSET_SYMBOL_EXTENSIONS = YES;
				CLANG_ANALYZER_NONNULL = YES;
				CLANG_ANALYZER_NUMBER_OBJECT_CONVERSION = YES_AGGRESSIVE;
				CLANG_CXX_LANGUAGE_STANDARD = "gnu++20";
				CLANG_ENABLE_MODULES = YES;
				CLANG_ENABLE_OBJC_ARC = YES;
				CLANG_ENABLE_OBJC_WEAK = YES;
				CLANG_WARN_BLOCK_CAPTURE_AUTORELEASING = YES;
				CLANG_WARN_BOOL_CONVERSION = YES;
				CLANG_WARN_COMMA = YES;
				CLANG_WARN_CONSTANT_CONVERSION = YES;
				CLANG_WARN_DEPRECATED_OBJC_IMPLEMENTATIONS = YES;
				CLANG_WARN_DIRECT_OBJC_ISA_USAGE = YES_ERROR;
				CLANG_WARN_DOCUMENTATION_COMMENTS = YES;
				CLANG_WARN_EMPTY_BODY = YES;
				CLANG_WARN_ENUM_CONVERSION = YES;
				CLANG_WARN_INFINITE_RECURSION = YES;
				CLANG_WARN_INT_CONVERSION = YES;
				CLANG_WARN_NON_LITERAL_NULL_CONVERSION = YES;
				CLANG_WARN_OBJC_IMPLICIT_RETAIN_SELF = YES;
				CLANG_WARN_OBJC_LITERAL_CONVERSION = YES;
				CLANG_WARN_OBJC_ROOT_CLASS = YES_ERROR;
				CLANG_WARN_QUOTED_INCLUDE_IN_FRAMEWORK_HEADER = YES;
				CLANG_WARN_RANGE_LOOP_ANALYSIS = YES;
				CLANG_WARN_STRICT_PROTOTYPES = YES;
				CLANG_WARN_SUSPICIOUS_MOVE = YES;
				CLANG_WARN_UNGUARDED_AVAILABILITY = YES_AGGRESSIVE;
				CLANG_WARN_UNREACHABLE_CODE = YES;
				CLANG_WARN__DUPLICATE_METHOD_MATCH = YES;
				COPY_PHASE_STRIP = NO;
				DEBUG_INFORMATION_FORMAT = "dwarf-with-dsym";
				ENABLE_NS_ASSERTIONS = NO;
				ENABLE_STRICT_OBJC_MSGSEND = YES;
				ENABLE_USER_SCRIPT_SANDBOXING = YES;
				GCC_C_LANGUAGE_STANDARD = gnu17;
				GCC_NO_COMMON_BLOCKS = YES;
				GCC_WARN_64_TO_32_BIT_CONVERSION = YES;
				GCC_WARN_ABOUT_RETURN_TYPE = YES_ERROR;
				GCC_WARN_UNDECLARED_SELECTOR = YES;
				GCC_WARN_UNINITIALIZED_AUTOS = YES_AGGRESSIVE;
				GCC_WARN_UNUSED_FUNCTION = YES;
				GCC_WARN_UNUSED_VARIABLE = YES;
				IPHONEOS_DEPLOYMENT_TARGET = 13.0;
				LOCALIZATION_PREFERS_STRING_CATALOGS = YES;
				MTL_ENABLE_DEBUG_INFO = NO;
				MTL_FAST_MATH = YES;
				SDKROOT = iphoneos;
				SWIFT_COMPILATION_MODE = wholemodule;
				VALIDATE_PRODUCT = YES;
			};
			name = Release;
		};
		0998BC6E2B1C955E007E5AC3 /* Debug */ = {
			isa = XCBuildConfiguration;
			buildSettings = {
				ASSETCATALOG_COMPILER_APPICON_NAME = AppIcon;
				ASSETCATALOG_COMPILER_GLOBAL_ACCENT_COLOR_NAME = AccentColor;
				CODE_SIGN_STYLE = Automatic;
				CURRENT_PROJECT_VERSION = 1;
				DEVELOPMENT_TEAM = 99GVY9RDAD;
				GENERATE_INFOPLIST_FILE = YES;
				INFOPLIST_FILE = ImageFeed/Info.plist;
				INFOPLIST_KEY_UIApplicationSupportsIndirectInputEvents = YES;
				INFOPLIST_KEY_UILaunchStoryboardName = LaunchScreen;
				INFOPLIST_KEY_UIMainStoryboardFile = Main;
				INFOPLIST_KEY_UIStatusBarStyle = "";
				INFOPLIST_KEY_UISupportedInterfaceOrientations = UIInterfaceOrientationPortrait;
				IPHONEOS_DEPLOYMENT_TARGET = 13.0;
				LD_RUNPATH_SEARCH_PATHS = (
					"$(inherited)",
					"@executable_path/Frameworks",
				);
				MARKETING_VERSION = 1.0;
				PRODUCT_BUNDLE_IDENTIFIER = ru.dosh93.ImageFeed;
				PRODUCT_NAME = "$(TARGET_NAME)";
				SUPPORTED_PLATFORMS = "iphoneos iphonesimulator";
				SUPPORTS_MACCATALYST = NO;
				SWIFT_EMIT_LOC_STRINGS = YES;
				SWIFT_VERSION = 5.0;
				TARGETED_DEVICE_FAMILY = 1;
			};
			name = Debug;
		};
		0998BC6F2B1C955E007E5AC3 /* Release */ = {
			isa = XCBuildConfiguration;
			buildSettings = {
				ASSETCATALOG_COMPILER_APPICON_NAME = AppIcon;
				ASSETCATALOG_COMPILER_GLOBAL_ACCENT_COLOR_NAME = AccentColor;
				CODE_SIGN_STYLE = Automatic;
				CURRENT_PROJECT_VERSION = 1;
				DEVELOPMENT_TEAM = 99GVY9RDAD;
				GENERATE_INFOPLIST_FILE = YES;
				INFOPLIST_FILE = ImageFeed/Info.plist;
				INFOPLIST_KEY_UIApplicationSupportsIndirectInputEvents = YES;
				INFOPLIST_KEY_UILaunchStoryboardName = LaunchScreen;
				INFOPLIST_KEY_UIMainStoryboardFile = Main;
				INFOPLIST_KEY_UIStatusBarStyle = "";
				INFOPLIST_KEY_UISupportedInterfaceOrientations = UIInterfaceOrientationPortrait;
				IPHONEOS_DEPLOYMENT_TARGET = 13.0;
				LD_RUNPATH_SEARCH_PATHS = (
					"$(inherited)",
					"@executable_path/Frameworks",
				);
				MARKETING_VERSION = 1.0;
				PRODUCT_BUNDLE_IDENTIFIER = ru.dosh93.ImageFeed;
				PRODUCT_NAME = "$(TARGET_NAME)";
				SUPPORTED_PLATFORMS = "iphoneos iphonesimulator";
				SUPPORTS_MACCATALYST = NO;
				SWIFT_EMIT_LOC_STRINGS = YES;
				SWIFT_VERSION = 5.0;
				TARGETED_DEVICE_FAMILY = 1;
			};
			name = Release;
		};
/* End XCBuildConfiguration section */

/* Begin XCConfigurationList section */
		0998BC542B1C955C007E5AC3 /* Build configuration list for PBXProject "ImageFeed" */ = {
			isa = XCConfigurationList;
			buildConfigurations = (
				0998BC6B2B1C955E007E5AC3 /* Debug */,
				0998BC6C2B1C955E007E5AC3 /* Release */,
			);
			defaultConfigurationIsVisible = 0;
			defaultConfigurationName = Release;
		};
		0998BC6D2B1C955E007E5AC3 /* Build configuration list for PBXNativeTarget "ImageFeed" */ = {
			isa = XCConfigurationList;
			buildConfigurations = (
				0998BC6E2B1C955E007E5AC3 /* Debug */,
				0998BC6F2B1C955E007E5AC3 /* Release */,
			);
			defaultConfigurationIsVisible = 0;
			defaultConfigurationName = Release;
		};
/* End XCConfigurationList section */

/* Begin XCRemoteSwiftPackageReference section */
		0924935F2B697BF80016FF0F /* XCRemoteSwiftPackageReference "Kingfisher" */ = {
			isa = XCRemoteSwiftPackageReference;
			repositoryURL = "https://github.com/onevcat/Kingfisher";
			requirement = {
				kind = upToNextMajorVersion;
				minimumVersion = 7.10.2;
			};
		};
		092493622B699D2A0016FF0F /* XCRemoteSwiftPackageReference "SwiftKeychainWrapper" */ = {
			isa = XCRemoteSwiftPackageReference;
			repositoryURL = "https://github.com/jrendel/SwiftKeychainWrapper";
			requirement = {
				kind = upToNextMajorVersion;
				minimumVersion = 4.0.1;
			};
		};
		0990C2182B58721800B55063 /* XCRemoteSwiftPackageReference "ProgressHUD" */ = {
			isa = XCRemoteSwiftPackageReference;
			repositoryURL = "https://github.com/relatedcode/ProgressHUD";
			requirement = {
				kind = upToNextMajorVersion;
				minimumVersion = 13.8.6;
			};
		};
/* End XCRemoteSwiftPackageReference section */

/* Begin XCSwiftPackageProductDependency section */
		092493602B697BF80016FF0F /* Kingfisher */ = {
			isa = XCSwiftPackageProductDependency;
			package = 0924935F2B697BF80016FF0F /* XCRemoteSwiftPackageReference "Kingfisher" */;
			productName = Kingfisher;
		};
		092493632B699D2A0016FF0F /* SwiftKeychainWrapper */ = {
			isa = XCSwiftPackageProductDependency;
			package = 092493622B699D2A0016FF0F /* XCRemoteSwiftPackageReference "SwiftKeychainWrapper" */;
			productName = SwiftKeychainWrapper;
		};
		0990C2192B58721800B55063 /* ProgressHUD */ = {
			isa = XCSwiftPackageProductDependency;
			package = 0990C2182B58721800B55063 /* XCRemoteSwiftPackageReference "ProgressHUD" */;
			productName = ProgressHUD;
		};
/* End XCSwiftPackageProductDependency section */
	};
	rootObject = 0998BC512B1C955C007E5AC3 /* Project object */;
}
